
Microsoft Visual Studio Solution File, Format Version 12.00
# Visual Studio Version 17
VisualStudioVersion = 17.0.31903.59
MinimumVisualStudioVersion = 10.0.40219.1
Project("{FAE04EC0-301F-11D3-BF4B-00C04F79EFBC}") = "Manipulando_Arquivos", "Manipulando_Arquivos\Manipulando_Arquivos.csproj", "{D649872D-29E9-4E98-BCBD-52D5CD11B23B}"
EndProject
Global
	GlobalSection(SolutionConfigurationPlatforms) = preSolution
		Debug|Any CPU = Debug|Any CPU
		Release|Any CPU = Release|Any CPU
	EndGlobalSection
	GlobalSection(SolutionProperties) = preSolution
		HideSolutionNode = FALSE
	EndGlobalSection
	GlobalSection(ProjectConfigurationPlatforms) = postSolution
		{D649872D-29E9-4E98-BCBD-52D5CD11B23B}.Debug|Any CPU.ActiveCfg = Debug|Any CPU
		{D649872D-29E9-4E98-BCBD-52D5CD11B23B}.Debug|Any CPU.Build.0 = Debug|Any CPU
		{D649872D-29E9-4E98-BCBD-52D5CD11B23B}.Release|Any CPU.ActiveCfg = Release|Any CPU
		{D649872D-29E9-4E98-BCBD-52D5CD11B23B}.Release|Any CPU.Build.0 = Release|Any CPU
	EndGlobalSection
EndGlobal
